
Microsoft Visual Studio Solution File, Format Version 11.00
# Visual Studio 2010
Project("{F14B399A-7131-4C87-9E4B-1186C45EF12D}") = "Report Project6", "Report Project6\Report Project6.rptproj", "{E6086F48-398C-40FF-82D4-A28E222F4682}"
EndProject
Global
	GlobalSection(SolutionConfigurationPlatforms) = preSolution
		Debug|Default = Debug|Default
		DebugLocal|Default = DebugLocal|Default
		Release|Default = Release|Default
	EndGlobalSection
	GlobalSection(ProjectConfigurationPlatforms) = postSolution
		{E6086F48-398C-40FF-82D4-A28E222F4682}.Debug|Default.ActiveCfg = Debug
		{E6086F48-398C-40FF-82D4-A28E222F4682}.Debug|Default.Build.0 = DebugLocal
		{E6086F48-398C-40FF-82D4-A28E222F4682}.Debug|Default.Deploy.0 = DebugLocal
		{E6086F48-398C-40FF-82D4-A28E222F4682}.DebugLocal|Default.ActiveCfg = DebugLocal
		{E6086F48-398C-40FF-82D4-A28E222F4682}.DebugLocal|Default.Build.0 = DebugLocal
		{E6086F48-398C-40FF-82D4-A28E222F4682}.Release|Default.ActiveCfg = Release
		{E6086F48-398C-40FF-82D4-A28E222F4682}.Release|Default.Build.0 = Release
		{E6086F48-398C-40FF-82D4-A28E222F4682}.Release|Default.Deploy.0 = Release
	EndGlobalSection
	GlobalSection(SolutionProperties) = preSolution
		HideSolutionNode = FALSE
	EndGlobalSection
EndGlobal
