
Microsoft Visual Studio Solution File, Format Version 11.00
# Visual Studio 2010
Project("{F14B399A-7131-4C87-9E4B-1186C45EF12D}") = "Contoso_wz", "Contoso_wz\Contoso_wz.rptproj", "{D2D25941-4FD8-42AD-B213-9237DFCFFE3D}"
EndProject
Global
	GlobalSection(SolutionConfigurationPlatforms) = preSolution
		Debug|Default = Debug|Default
		DebugLocal|Default = DebugLocal|Default
		Release|Default = Release|Default
	EndGlobalSection
	GlobalSection(ProjectConfigurationPlatforms) = postSolution
		{D2D25941-4FD8-42AD-B213-9237DFCFFE3D}.Debug|Default.ActiveCfg = Debug
		{D2D25941-4FD8-42AD-B213-9237DFCFFE3D}.Debug|Default.Build.0 = DebugLocal
		{D2D25941-4FD8-42AD-B213-9237DFCFFE3D}.Debug|Default.Deploy.0 = DebugLocal
		{D2D25941-4FD8-42AD-B213-9237DFCFFE3D}.DebugLocal|Default.ActiveCfg = DebugLocal
		{D2D25941-4FD8-42AD-B213-9237DFCFFE3D}.DebugLocal|Default.Build.0 = DebugLocal
		{D2D25941-4FD8-42AD-B213-9237DFCFFE3D}.Release|Default.ActiveCfg = Release
		{D2D25941-4FD8-42AD-B213-9237DFCFFE3D}.Release|Default.Build.0 = Release
		{D2D25941-4FD8-42AD-B213-9237DFCFFE3D}.Release|Default.Deploy.0 = Release
	EndGlobalSection
	GlobalSection(SolutionProperties) = preSolution
		HideSolutionNode = FALSE
	EndGlobalSection
EndGlobal
