Microsoft Visual Studio Solution File, Format Version 12.00
# Visual Studio 2013
VisualStudioVersion = 12.0.31101.0
MinimumVisualStudioVersion = 10.0.40219.1
Project("{F14B399A-7131-4C87-9E4B-1186C45EF12D}") = "Reseller Sales", "Reseller Sales.rptproj", "{DE0F9A12-5DA4-4209-99F0-B2D1F3C40D56}"
EndProject
Project("{F14B399A-7131-4C87-9E4B-1186C45EF12D}") = "Product Sales", "Product Sales.rptproj", "{A5ECBE3A-AD7B-4226-8F20-AC1DF54F165D}"
EndProject
Project("{F14B399A-7131-4C87-9E4B-1186C45EF12D}") = "Territory Sales", "Territory Sales.rptproj", "{E54D24E2-02FB-4C41-85DE-C9AD97E94515}"
EndProject
Global
	GlobalSection(SolutionConfigurationPlatforms) = preSolution
		Development|Default = Development|Default
		Production|Default = Production|Default
	EndGlobalSection
	GlobalSection(ProjectConfigurationPlatforms) = postSolution
		{DE0F9A12-5DA4-4209-99F0-B2D1F3C40D56}.Development|Default.ActiveCfg = Development
		{DE0F9A12-5DA4-4209-99F0-B2D1F3C40D56}.Development|Default.Build.0 = Development
		{DE0F9A12-5DA4-4209-99F0-B2D1F3C40D56}.Development|Default.Deploy.0 = Development
		{DE0F9A12-5DA4-4209-99F0-B2D1F3C40D56}.Production|Default.ActiveCfg = Production
		{DE0F9A12-5DA4-4209-99F0-B2D1F3C40D56}.Production|Default.Build.0 = Production
		{DE0F9A12-5DA4-4209-99F0-B2D1F3C40D56}.Production|Default.Deploy.0 = Production
		{A5ECBE3A-AD7B-4226-8F20-AC1DF54F165D}.Development|Default.ActiveCfg = Development
		{A5ECBE3A-AD7B-4226-8F20-AC1DF54F165D}.Development|Default.Build.0 = Development
		{A5ECBE3A-AD7B-4226-8F20-AC1DF54F165D}.Development|Default.Deploy.0 = Development
		{A5ECBE3A-AD7B-4226-8F20-AC1DF54F165D}.Production|Default.ActiveCfg = Production
		{A5ECBE3A-AD7B-4226-8F20-AC1DF54F165D}.Production|Default.Build.0 = Production
		{A5ECBE3A-AD7B-4226-8F20-AC1DF54F165D}.Production|Default.Deploy.0 = Production
		{E54D24E2-02FB-4C41-85DE-C9AD97E94515}.Development|Default.ActiveCfg = Development
		{E54D24E2-02FB-4C41-85DE-C9AD97E94515}.Development|Default.Build.0 = Development
		{E54D24E2-02FB-4C41-85DE-C9AD97E94515}.Development|Default.Deploy.0 = Development
		{E54D24E2-02FB-4C41-85DE-C9AD97E94515}.Production|Default.ActiveCfg = Production
		{E54D24E2-02FB-4C41-85DE-C9AD97E94515}.Production|Default.Build.0 = Production
		{E54D24E2-02FB-4C41-85DE-C9AD97E94515}.Production|Default.Deploy.0 = Production
	EndGlobalSection
	GlobalSection(SolutionProperties) = preSolution
		HideSolutionNode = FALSE
	EndGlobalSection
EndGlobal
