
Microsoft Visual Studio Solution File, Format Version 12.00
# Visual Studio 2012
Project("{F14B399A-7131-4C87-9E4B-1186C45EF12D}") = "Issue7", "Issue7\Issue7.rptproj", "{64B83483-33DB-486F-A1E8-BD3ABCDB143E}"
EndProject
Global
	GlobalSection(SolutionConfigurationPlatforms) = preSolution
		Debug|Default = Debug|Default
		DebugLocal|Default = DebugLocal|Default
		Release|Default = Release|Default
	EndGlobalSection
	GlobalSection(ProjectConfigurationPlatforms) = postSolution
		{64B83483-33DB-486F-A1E8-BD3ABCDB143E}.Debug|Default.ActiveCfg = Debug
		{64B83483-33DB-486F-A1E8-BD3ABCDB143E}.Debug|Default.Build.0 = Debug
		{64B83483-33DB-486F-A1E8-BD3ABCDB143E}.Debug|Default.Deploy.0 = Debug
		{64B83483-33DB-486F-A1E8-BD3ABCDB143E}.DebugLocal|Default.ActiveCfg = DebugLocal
		{64B83483-33DB-486F-A1E8-BD3ABCDB143E}.DebugLocal|Default.Build.0 = DebugLocal
		{64B83483-33DB-486F-A1E8-BD3ABCDB143E}.Release|Default.ActiveCfg = Release
		{64B83483-33DB-486F-A1E8-BD3ABCDB143E}.Release|Default.Build.0 = Release
		{64B83483-33DB-486F-A1E8-BD3ABCDB143E}.Release|Default.Deploy.0 = Release
	EndGlobalSection
	GlobalSection(SolutionProperties) = preSolution
		HideSolutionNode = FALSE
	EndGlobalSection
EndGlobal
